{
  "name": "remix-bff",
  "lockfileVersion": 2,
  "requires": true,
  "packages": {
    "": {
      "dependencies": {
        "remix": "^1.16.1"
      }
    },
    "node_modules/remix": {
      "version": "1.16.1",
      "resolved": "https://registry.npmjs.org/remix/-/remix-1.16.1.tgz",
      "integrity": "sha512-brxWtp5oidm4h6UMi3NXCzOUyyp7K3xlFzfflCbM6Rrnbhf1M16hrninCNQ683jLsBCIWRZJ/GzxgTOaIC5Z9Q==",
      "engines": {
        "node": ">=14"
      }
    }
  },
  "dependencies": {
    "remix": {
      "version": "1.16.1",
      "resolved": "https://registry.npmjs.org/remix/-/remix-1.16.1.tgz",
      "integrity": "sha512-brxWtp5oidm4h6UMi3NXCzOUyyp7K3xlFzfflCbM6Rrnbhf1M16hrninCNQ683jLsBCIWRZJ/GzxgTOaIC5Z9Q=="
    }
  }
}
